// !$*UTF8*$!
{
	archiveVersion = 1;
	classes = {
	};
	objectVersion = 56;
	objects = {

/* Begin PBXBuildFile section */
		6A0636812919A72D0003BA34 /* UIScreen+Extension.swift in Sources */ = {isa = PBXBuildFile; fileRef = 6A0636802919A72D0003BA34 /* UIScreen+Extension.swift */; };
		6A0636842919AA810003BA34 /* Constants.swift in Sources */ = {isa = PBXBuildFile; fileRef = 6A0636832919AA810003BA34 /* Constants.swift */; };
		6A0636872919AD870003BA34 /* SwiftyJSON in Frameworks */ = {isa = PBXBuildFile; productRef = 6A0636862919AD870003BA34 /* SwiftyJSON */; };
		6A09FBCD2922884D00FBA9BA /* SideBarView.swift in Sources */ = {isa = PBXBuildFile; fileRef = 6A09FBCC2922884D00FBA9BA /* SideBarView.swift */; };
		6A09FBD52922C89900FBA9BA /* NCtrackingView.swift in Sources */ = {isa = PBXBuildFile; fileRef = 6A09FBD42922C89900FBA9BA /* NCtrackingView.swift */; };
		6A09FBD72922C9D000FBA9BA /* RetailView.swift in Sources */ = {isa = PBXBuildFile; fileRef = 6A09FBD62922C9D000FBA9BA /* RetailView.swift */; };
		6A09FBD92922C9EC00FBA9BA /* TrainingView.swift in Sources */ = {isa = PBXBuildFile; fileRef = 6A09FBD82922C9EC00FBA9BA /* TrainingView.swift */; };
		6A09FBDB2922D3C600FBA9BA /* SideBarVW.swift in Sources */ = {isa = PBXBuildFile; fileRef = 6A09FBDA2922D3C600FBA9BA /* SideBarVW.swift */; };
		6A09FBDD2922D3E900FBA9BA /* BusinessView.swift in Sources */ = {isa = PBXBuildFile; fileRef = 6A09FBDC2922D3E900FBA9BA /* BusinessView.swift */; };
		6A09FBDF2922DF4200FBA9BA /* AwardView.swift in Sources */ = {isa = PBXBuildFile; fileRef = 6A09FBDE2922DF4200FBA9BA /* AwardView.swift */; };
		6A09FBE12922DF5900FBA9BA /* PracticeView.swift in Sources */ = {isa = PBXBuildFile; fileRef = 6A09FBE02922DF5900FBA9BA /* PracticeView.swift */; };
		6A09FBE32922DF6600FBA9BA /* ToolView.swift in Sources */ = {isa = PBXBuildFile; fileRef = 6A09FBE22922DF6600FBA9BA /* ToolView.swift */; };
		6A09FBE52922DF7000FBA9BA /* VisitView.swift in Sources */ = {isa = PBXBuildFile; fileRef = 6A09FBE42922DF7000FBA9BA /* VisitView.swift */; };
		6A09FBE72923E26600FBA9BA /* QuestionSheet.swift in Sources */ = {isa = PBXBuildFile; fileRef = 6A09FBE62923E26600FBA9BA /* QuestionSheet.swift */; };
		6A114E25291D8FAC00EE1E4D /* String+Extension.swift in Sources */ = {isa = PBXBuildFile; fileRef = 6A114E24291D8FAC00EE1E4D /* String+Extension.swift */; };
		6A198780291F14250082BB97 /* InfoSheetView.swift in Sources */ = {isa = PBXBuildFile; fileRef = 6A19877F291F14250082BB97 /* InfoSheetView.swift */; };
		6A36F0FE2917F792004D0C1B /* geotagApp.swift in Sources */ = {isa = PBXBuildFile; fileRef = 6A36F0FD2917F792004D0C1B /* geotagApp.swift */; };
		6A36F1002917F793004D0C1B /* ContentView.swift in Sources */ = {isa = PBXBuildFile; fileRef = 6A36F0FF2917F793004D0C1B /* ContentView.swift */; };
		6A36F1022917F793004D0C1B /* Assets.xcassets in Resources */ = {isa = PBXBuildFile; fileRef = 6A36F1012917F793004D0C1B /* Assets.xcassets */; };
		6A36F1052917F793004D0C1B /* Preview Assets.xcassets in Resources */ = {isa = PBXBuildFile; fileRef = 6A36F1042917F793004D0C1B /* Preview Assets.xcassets */; };
		6A36F1072917F793004D0C1B /* Persistence.swift in Sources */ = {isa = PBXBuildFile; fileRef = 6A36F1062917F793004D0C1B /* Persistence.swift */; };
		6A36F10A2917F793004D0C1B /* geotag.xcdatamodeld in Sources */ = {isa = PBXBuildFile; fileRef = 6A36F1082917F793004D0C1B /* geotag.xcdatamodeld */; };
		6AA17428291A6F7B00452050 /* HomeService.swift in Sources */ = {isa = PBXBuildFile; fileRef = 6AA17427291A6F7B00452050 /* HomeService.swift */; };
		6AB8B248291892E900F6C1E3 /* LoginService.swift in Sources */ = {isa = PBXBuildFile; fileRef = 6AB8B247291892E900F6C1E3 /* LoginService.swift */; };
		6AB8B24B2918933400F6C1E3 /* UIApplication+Extension.swift in Sources */ = {isa = PBXBuildFile; fileRef = 6AB8B24A2918933400F6C1E3 /* UIApplication+Extension.swift */; };
		6AB8B24E291893CF00F6C1E3 /* LoginVM.swift in Sources */ = {isa = PBXBuildFile; fileRef = 6AB8B24D291893CF00F6C1E3 /* LoginVM.swift */; };
		6AB8B2502918975000F6C1E3 /* Authentication.swift in Sources */ = {isa = PBXBuildFile; fileRef = 6AB8B24F2918975000F6C1E3 /* Authentication.swift */; };
		6AD4E8F7291C14F9004CB5DF /* PinView.swift in Sources */ = {isa = PBXBuildFile; fileRef = 6AD4E8F6291C14F9004CB5DF /* PinView.swift */; };
		6AFAD69C291950B800678966 /* HomeView.swift in Sources */ = {isa = PBXBuildFile; fileRef = 6AFAD69B291950B800678966 /* HomeView.swift */; };
		6AFAD6A22919A74300678966 /* HomeViewVM.swift in Sources */ = {isa = PBXBuildFile; fileRef = 6AFAD6A12919A74300678966 /* HomeViewVM.swift */; };
/* End PBXBuildFile section */

/* Begin PBXFileReference section */
		6A0636802919A72D0003BA34 /* UIScreen+Extension.swift */ = {isa = PBXFileReference; lastKnownFileType = sourcecode.swift; path = "UIScreen+Extension.swift"; sourceTree = "<group>"; };
		6A0636832919AA810003BA34 /* Constants.swift */ = {isa = PBXFileReference; lastKnownFileType = sourcecode.swift; path = Constants.swift; sourceTree = "<group>"; };
		6A09FBCC2922884D00FBA9BA /* SideBarView.swift */ = {isa = PBXFileReference; lastKnownFileType = sourcecode.swift; path = SideBarView.swift; sourceTree = "<group>"; };
		6A09FBD42922C89900FBA9BA /* NCtrackingView.swift */ = {isa = PBXFileReference; lastKnownFileType = sourcecode.swift; path = NCtrackingView.swift; sourceTree = "<group>"; };
		6A09FBD62922C9D000FBA9BA /* RetailView.swift */ = {isa = PBXFileReference; lastKnownFileType = sourcecode.swift; path = RetailView.swift; sourceTree = "<group>"; };
		6A09FBD82922C9EC00FBA9BA /* TrainingView.swift */ = {isa = PBXFileReference; lastKnownFileType = sourcecode.swift; path = TrainingView.swift; sourceTree = "<group>"; };
		6A09FBDA2922D3C600FBA9BA /* SideBarVW.swift */ = {isa = PBXFileReference; lastKnownFileType = sourcecode.swift; path = SideBarVW.swift; sourceTree = "<group>"; };
		6A09FBDC2922D3E900FBA9BA /* BusinessView.swift */ = {isa = PBXFileReference; lastKnownFileType = sourcecode.swift; path = BusinessView.swift; sourceTree = "<group>"; };
		6A09FBDE2922DF4200FBA9BA /* AwardView.swift */ = {isa = PBXFileReference; lastKnownFileType = sourcecode.swift; path = AwardView.swift; sourceTree = "<group>"; };
		6A09FBE02922DF5900FBA9BA /* PracticeView.swift */ = {isa = PBXFileReference; lastKnownFileType = sourcecode.swift; path = PracticeView.swift; sourceTree = "<group>"; };
		6A09FBE22922DF6600FBA9BA /* ToolView.swift */ = {isa = PBXFileReference; lastKnownFileType = sourcecode.swift; path = ToolView.swift; sourceTree = "<group>"; };
		6A09FBE42922DF7000FBA9BA /* VisitView.swift */ = {isa = PBXFileReference; lastKnownFileType = sourcecode.swift; path = VisitView.swift; sourceTree = "<group>"; };
		6A09FBE62923E26600FBA9BA /* QuestionSheet.swift */ = {isa = PBXFileReference; lastKnownFileType = sourcecode.swift; path = QuestionSheet.swift; sourceTree = "<group>"; };
		6A114E24291D8FAC00EE1E4D /* String+Extension.swift */ = {isa = PBXFileReference; lastKnownFileType = sourcecode.swift; path = "String+Extension.swift"; sourceTree = "<group>"; };
		6A19877F291F14250082BB97 /* InfoSheetView.swift */ = {isa = PBXFileReference; lastKnownFileType = sourcecode.swift; path = InfoSheetView.swift; sourceTree = "<group>"; };
		6A36F0FA2917F792004D0C1B /* geotag.app */ = {isa = PBXFileReference; explicitFileType = wrapper.application; includeInIndex = 0; path = geotag.app; sourceTree = BUILT_PRODUCTS_DIR; };
		6A36F0FD2917F792004D0C1B /* geotagApp.swift */ = {isa = PBXFileReference; lastKnownFileType = sourcecode.swift; path = geotagApp.swift; sourceTree = "<group>"; };
		6A36F0FF2917F793004D0C1B /* ContentView.swift */ = {isa = PBXFileReference; lastKnownFileType = sourcecode.swift; path = ContentView.swift; sourceTree = "<group>"; };
		6A36F1012917F793004D0C1B /* Assets.xcassets */ = {isa = PBXFileReference; lastKnownFileType = folder.assetcatalog; path = Assets.xcassets; sourceTree = "<group>"; };
		6A36F1042917F793004D0C1B /* Preview Assets.xcassets */ = {isa = PBXFileReference; lastKnownFileType = folder.assetcatalog; path = "Preview Assets.xcassets"; sourceTree = "<group>"; };
		6A36F1062917F793004D0C1B /* Persistence.swift */ = {isa = PBXFileReference; lastKnownFileType = sourcecode.swift; path = Persistence.swift; sourceTree = "<group>"; };
		6A36F1092917F793004D0C1B /* geotag.xcdatamodel */ = {isa = PBXFileReference; lastKnownFileType = wrapper.xcdatamodel; path = geotag.xcdatamodel; sourceTree = "<group>"; };
		6AA17427291A6F7B00452050 /* HomeService.swift */ = {isa = PBXFileReference; lastKnownFileType = sourcecode.swift; path = HomeService.swift; sourceTree = "<group>"; };
		6AB8B247291892E900F6C1E3 /* LoginService.swift */ = {isa = PBXFileReference; lastKnownFileType = sourcecode.swift; path = LoginService.swift; sourceTree = "<group>"; };
		6AB8B24A2918933400F6C1E3 /* UIApplication+Extension.swift */ = {isa = PBXFileReference; lastKnownFileType = sourcecode.swift; path = "UIApplication+Extension.swift"; sourceTree = "<group>"; };
		6AB8B24D291893CF00F6C1E3 /* LoginVM.swift */ = {isa = PBXFileReference; lastKnownFileType = sourcecode.swift; path = LoginVM.swift; sourceTree = "<group>"; };
		6AB8B24F2918975000F6C1E3 /* Authentication.swift */ = {isa = PBXFileReference; lastKnownFileType = sourcecode.swift; path = Authentication.swift; sourceTree = "<group>"; };
		6AD4E8F6291C14F9004CB5DF /* PinView.swift */ = {isa = PBXFileReference; lastKnownFileType = sourcecode.swift; path = PinView.swift; sourceTree = "<group>"; };
		6AFAD69B291950B800678966 /* HomeView.swift */ = {isa = PBXFileReference; lastKnownFileType = sourcecode.swift; path = HomeView.swift; sourceTree = "<group>"; };
		6AFAD6A12919A74300678966 /* HomeViewVM.swift */ = {isa = PBXFileReference; lastKnownFileType = sourcecode.swift; path = HomeViewVM.swift; sourceTree = "<group>"; };
/* End PBXFileReference section */

/* Begin PBXFrameworksBuildPhase section */
		6A36F0F72917F792004D0C1B /* Frameworks */ = {
			isa = PBXFrameworksBuildPhase;
			buildActionMask = 2147483647;
			files = (
				6A0636872919AD870003BA34 /* SwiftyJSON in Frameworks */,
			);
			runOnlyForDeploymentPostprocessing = 0;
		};
/* End PBXFrameworksBuildPhase section */

/* Begin PBXGroup section */
		6A0636822919AA740003BA34 /* utils */ = {
			isa = PBXGroup;
			children = (
				6A0636832919AA810003BA34 /* Constants.swift */,
			);
			path = utils;
			sourceTree = "<group>";
		};
		6A36F0F12917F792004D0C1B = {
			isa = PBXGroup;
			children = (
				6A36F0FC2917F792004D0C1B /* geotag */,
				6A36F0FB2917F792004D0C1B /* Products */,
			);
			sourceTree = "<group>";
		};
		6A36F0FB2917F792004D0C1B /* Products */ = {
			isa = PBXGroup;
			children = (
				6A36F0FA2917F792004D0C1B /* geotag.app */,
			);
			name = Products;
			sourceTree = "<group>";
		};
		6A36F0FC2917F792004D0C1B /* geotag */ = {
			isa = PBXGroup;
			children = (
				6A0636822919AA740003BA34 /* utils */,
				6AFAD69D291950D500678966 /* View */,
				6AB8B24C291893AF00F6C1E3 /* viewModels */,
				6AB8B2492918930A00F6C1E3 /* extensions */,
				6AB8B246291892CC00F6C1E3 /* services */,
				6A36F0FD2917F792004D0C1B /* geotagApp.swift */,
				6AB8B24F2918975000F6C1E3 /* Authentication.swift */,
				6A36F1012917F793004D0C1B /* Assets.xcassets */,
				6A36F1062917F793004D0C1B /* Persistence.swift */,
				6A36F1082917F793004D0C1B /* geotag.xcdatamodeld */,
				6A36F1032917F793004D0C1B /* Preview Content */,
			);
			path = geotag;
			sourceTree = "<group>";
		};
		6A36F1032917F793004D0C1B /* Preview Content */ = {
			isa = PBXGroup;
			children = (
				6A36F1042917F793004D0C1B /* Preview Assets.xcassets */,
			);
			path = "Preview Content";
			sourceTree = "<group>";
		};
		6AB8B246291892CC00F6C1E3 /* services */ = {
			isa = PBXGroup;
			children = (
				6AB8B247291892E900F6C1E3 /* LoginService.swift */,
				6AA17427291A6F7B00452050 /* HomeService.swift */,
			);
			path = services;
			sourceTree = "<group>";
		};
		6AB8B2492918930A00F6C1E3 /* extensions */ = {
			isa = PBXGroup;
			children = (
				6AB8B24A2918933400F6C1E3 /* UIApplication+Extension.swift */,
				6A0636802919A72D0003BA34 /* UIScreen+Extension.swift */,
				6A114E24291D8FAC00EE1E4D /* String+Extension.swift */,
			);
			path = extensions;
			sourceTree = "<group>";
		};
		6AB8B24C291893AF00F6C1E3 /* viewModels */ = {
			isa = PBXGroup;
			children = (
				6AB8B24D291893CF00F6C1E3 /* LoginVM.swift */,
				6AFAD6A12919A74300678966 /* HomeViewVM.swift */,
				6A09FBDA2922D3C600FBA9BA /* SideBarVW.swift */,
			);
			path = viewModels;
			sourceTree = "<group>";
		};
		6AFAD69D291950D500678966 /* View */ = {
			isa = PBXGroup;
			children = (
				6A36F0FF2917F793004D0C1B /* ContentView.swift */,
				6A19877F291F14250082BB97 /* InfoSheetView.swift */,
				6AFAD69B291950B800678966 /* HomeView.swift */,
				6AD4E8F6291C14F9004CB5DF /* PinView.swift */,
				6A09FBCC2922884D00FBA9BA /* SideBarView.swift */,
				6A09FBD42922C89900FBA9BA /* NCtrackingView.swift */,
				6A09FBD62922C9D000FBA9BA /* RetailView.swift */,
				6A09FBD82922C9EC00FBA9BA /* TrainingView.swift */,
				6A09FBDC2922D3E900FBA9BA /* BusinessView.swift */,
				6A09FBDE2922DF4200FBA9BA /* AwardView.swift */,
				6A09FBE02922DF5900FBA9BA /* PracticeView.swift */,
				6A09FBE22922DF6600FBA9BA /* ToolView.swift */,
				6A09FBE42922DF7000FBA9BA /* VisitView.swift */,
				6A09FBE62923E26600FBA9BA /* QuestionSheet.swift */,
			);
			path = View;
			sourceTree = "<group>";
		};
/* End PBXGroup section */

/* Begin PBXNativeTarget section */
		6A36F0F92917F792004D0C1B /* geotag */ = {
			isa = PBXNativeTarget;
			buildConfigurationList = 6A36F10D2917F793004D0C1B /* Build configuration list for PBXNativeTarget "geotag" */;
			buildPhases = (
				6A36F0F62917F792004D0C1B /* Sources */,
				6A36F0F72917F792004D0C1B /* Frameworks */,
				6A36F0F82917F792004D0C1B /* Resources */,
			);
			buildRules = (
			);
			dependencies = (
			);
			name = geotag;
			packageProductDependencies = (
				6A0636862919AD870003BA34 /* SwiftyJSON */,
			);
			productName = geotag;
			productReference = 6A36F0FA2917F792004D0C1B /* geotag.app */;
			productType = "com.apple.product-type.application";
		};
/* End PBXNativeTarget section */

/* Begin PBXProject section */
		6A36F0F22917F792004D0C1B /* Project object */ = {
			isa = PBXProject;
			attributes = {
				BuildIndependentTargetsInParallel = 1;
				LastSwiftUpdateCheck = 1400;
				LastUpgradeCheck = 1400;
				TargetAttributes = {
					6A36F0F92917F792004D0C1B = {
						CreatedOnToolsVersion = 14.0;
					};
				};
			};
			buildConfigurationList = 6A36F0F52917F792004D0C1B /* Build configuration list for PBXProject "geotag" */;
			compatibilityVersion = "Xcode 14.0";
			developmentRegion = en;
			hasScannedForEncodings = 0;
			knownRegions = (
				en,
				Base,
			);
			mainGroup = 6A36F0F12917F792004D0C1B;
			packageReferences = (
				6A0636852919AD870003BA34 /* XCRemoteSwiftPackageReference "SwiftyJSON" */,
			);
			productRefGroup = 6A36F0FB2917F792004D0C1B /* Products */;
			projectDirPath = "";
			projectRoot = "";
			targets = (
				6A36F0F92917F792004D0C1B /* geotag */,
			);
		};
/* End PBXProject section */

/* Begin PBXResourcesBuildPhase section */
		6A36F0F82917F792004D0C1B /* Resources */ = {
			isa = PBXResourcesBuildPhase;
			buildActionMask = 2147483647;
			files = (
				6A36F1052917F793004D0C1B /* Preview Assets.xcassets in Resources */,
				6A36F1022917F793004D0C1B /* Assets.xcassets in Resources */,
			);
			runOnlyForDeploymentPostprocessing = 0;
		};
/* End PBXResourcesBuildPhase section */

/* Begin PBXSourcesBuildPhase section */
		6A36F0F62917F792004D0C1B /* Sources */ = {
			isa = PBXSourcesBuildPhase;
			buildActionMask = 2147483647;
			files = (
				6A114E25291D8FAC00EE1E4D /* String+Extension.swift in Sources */,
				6A09FBD92922C9EC00FBA9BA /* TrainingView.swift in Sources */,
				6A09FBE52922DF7000FBA9BA /* VisitView.swift in Sources */,
				6AA17428291A6F7B00452050 /* HomeService.swift in Sources */,
				6AFAD69C291950B800678966 /* HomeView.swift in Sources */,
				6AD4E8F7291C14F9004CB5DF /* PinView.swift in Sources */,
				6AB8B24E291893CF00F6C1E3 /* LoginVM.swift in Sources */,
				6A36F1072917F793004D0C1B /* Persistence.swift in Sources */,
				6A09FBE32922DF6600FBA9BA /* ToolView.swift in Sources */,
				6A09FBD72922C9D000FBA9BA /* RetailView.swift in Sources */,
				6A198780291F14250082BB97 /* InfoSheetView.swift in Sources */,
				6AFAD6A22919A74300678966 /* HomeViewVM.swift in Sources */,
				6A36F1002917F793004D0C1B /* ContentView.swift in Sources */,
				6AB8B248291892E900F6C1E3 /* LoginService.swift in Sources */,
				6A09FBDF2922DF4200FBA9BA /* AwardView.swift in Sources */,
				6A36F10A2917F793004D0C1B /* geotag.xcdatamodeld in Sources */,
				6A0636842919AA810003BA34 /* Constants.swift in Sources */,
				6A09FBDD2922D3E900FBA9BA /* BusinessView.swift in Sources */,
				6A09FBD52922C89900FBA9BA /* NCtrackingView.swift in Sources */,
				6A0636812919A72D0003BA34 /* UIScreen+Extension.swift in Sources */,
				6AB8B24B2918933400F6C1E3 /* UIApplication+Extension.swift in Sources */,
				6A09FBE12922DF5900FBA9BA /* PracticeView.swift in Sources */,
				6A09FBCD2922884D00FBA9BA /* SideBarView.swift in Sources */,
				6A09FBE72923E26600FBA9BA /* QuestionSheet.swift in Sources */,
				6A36F0FE2917F792004D0C1B /* geotagApp.swift in Sources */,
				6AB8B2502918975000F6C1E3 /* Authentication.swift in Sources */,
				6A09FBDB2922D3C600FBA9BA /* SideBarVW.swift in Sources */,
			);
			runOnlyForDeploymentPostprocessing = 0;
		};
/* End PBXSourcesBuildPhase section */

/* Begin XCBuildConfiguration section */
		6A36F10B2917F793004D0C1B /* Debug */ = {
			isa = XCBuildConfiguration;
			buildSettings = {
				ALWAYS_SEARCH_USER_PATHS = NO;
				CLANG_ANALYZER_NONNULL = YES;
				CLANG_ANALYZER_NUMBER_OBJECT_CONVERSION = YES_AGGRESSIVE;
				CLANG_CXX_LANGUAGE_STANDARD = "gnu++20";
				CLANG_ENABLE_MODULES = YES;
				CLANG_ENABLE_OBJC_ARC = YES;
				CLANG_ENABLE_OBJC_WEAK = YES;
				CLANG_WARN_BLOCK_CAPTURE_AUTORELEASING = YES;
				CLANG_WARN_BOOL_CONVERSION = YES;
				CLANG_WARN_COMMA = YES;
				CLANG_WARN_CONSTANT_CONVERSION = YES;
				CLANG_WARN_DEPRECATED_OBJC_IMPLEMENTATIONS = YES;
				CLANG_WARN_DIRECT_OBJC_ISA_USAGE = YES_ERROR;
				CLANG_WARN_DOCUMENTATION_COMMENTS = YES;
				CLANG_WARN_EMPTY_BODY = YES;
				CLANG_WARN_ENUM_CONVERSION = YES;
				CLANG_WARN_INFINITE_RECURSION = YES;
				CLANG_WARN_INT_CONVERSION = YES;
				CLANG_WARN_NON_LITERAL_NULL_CONVERSION = YES;
				CLANG_WARN_OBJC_IMPLICIT_RETAIN_SELF = YES;
				CLANG_WARN_OBJC_LITERAL_CONVERSION = YES;
				CLANG_WARN_OBJC_ROOT_CLASS = YES_ERROR;
				CLANG_WARN_QUOTED_INCLUDE_IN_FRAMEWORK_HEADER = YES;
				CLANG_WARN_RANGE_LOOP_ANALYSIS = YES;
				CLANG_WARN_STRICT_PROTOTYPES = YES;
				CLANG_WARN_SUSPICIOUS_MOVE = YES;
				CLANG_WARN_UNGUARDED_AVAILABILITY = YES_AGGRESSIVE;
				CLANG_WARN_UNREACHABLE_CODE = YES;
				CLANG_WARN__DUPLICATE_METHOD_MATCH = YES;
				COPY_PHASE_STRIP = NO;
				DEBUG_INFORMATION_FORMAT = dwarf;
				ENABLE_STRICT_OBJC_MSGSEND = YES;
				ENABLE_TESTABILITY = YES;
				GCC_C_LANGUAGE_STANDARD = gnu11;
				GCC_DYNAMIC_NO_PIC = NO;
				GCC_NO_COMMON_BLOCKS = YES;
				GCC_OPTIMIZATION_LEVEL = 0;
				GCC_PREPROCESSOR_DEFINITIONS = (
					"DEBUG=1",
					"$(inherited)",
				);
				GCC_WARN_64_TO_32_BIT_CONVERSION = YES;
				GCC_WARN_ABOUT_RETURN_TYPE = YES_ERROR;
				GCC_WARN_UNDECLARED_SELECTOR = YES;
				GCC_WARN_UNINITIALIZED_AUTOS = YES_AGGRESSIVE;
				GCC_WARN_UNUSED_FUNCTION = YES;
				GCC_WARN_UNUSED_VARIABLE = YES;
				IPHONEOS_DEPLOYMENT_TARGET = 15.0;
				MTL_ENABLE_DEBUG_INFO = INCLUDE_SOURCE;
				MTL_FAST_MATH = YES;
				ONLY_ACTIVE_ARCH = YES;
				SDKROOT = iphoneos;
				SWIFT_ACTIVE_COMPILATION_CONDITIONS = DEBUG;
				SWIFT_OPTIMIZATION_LEVEL = "-Onone";
			};
			name = Debug;
		};
		6A36F10C2917F793004D0C1B /* Release */ = {
			isa = XCBuildConfiguration;
			buildSettings = {
				ALWAYS_SEARCH_USER_PATHS = NO;
				CLANG_ANALYZER_NONNULL = YES;
				CLANG_ANALYZER_NUMBER_OBJECT_CONVERSION = YES_AGGRESSIVE;
				CLANG_CXX_LANGUAGE_STANDARD = "gnu++20";
				CLANG_ENABLE_MODULES = YES;
				CLANG_ENABLE_OBJC_ARC = YES;
				CLANG_ENABLE_OBJC_WEAK = YES;
				CLANG_WARN_BLOCK_CAPTURE_AUTORELEASING = YES;
				CLANG_WARN_BOOL_CONVERSION = YES;
				CLANG_WARN_COMMA = YES;
				CLANG_WARN_CONSTANT_CONVERSION = YES;
				CLANG_WARN_DEPRECATED_OBJC_IMPLEMENTATIONS = YES;
				CLANG_WARN_DIRECT_OBJC_ISA_USAGE = YES_ERROR;
				CLANG_WARN_DOCUMENTATION_COMMENTS = YES;
				CLANG_WARN_EMPTY_BODY = YES;
				CLANG_WARN_ENUM_CONVERSION = YES;
				CLANG_WARN_INFINITE_RECURSION = YES;
				CLANG_WARN_INT_CONVERSION = YES;
				CLANG_WARN_NON_LITERAL_NULL_CONVERSION = YES;
				CLANG_WARN_OBJC_IMPLICIT_RETAIN_SELF = YES;
				CLANG_WARN_OBJC_LITERAL_CONVERSION = YES;
				CLANG_WARN_OBJC_ROOT_CLASS = YES_ERROR;
				CLANG_WARN_QUOTED_INCLUDE_IN_FRAMEWORK_HEADER = YES;
				CLANG_WARN_RANGE_LOOP_ANALYSIS = YES;
				CLANG_WARN_STRICT_PROTOTYPES = YES;
				CLANG_WARN_SUSPICIOUS_MOVE = YES;
				CLANG_WARN_UNGUARDED_AVAILABILITY = YES_AGGRESSIVE;
				CLANG_WARN_UNREACHABLE_CODE = YES;
				CLANG_WARN__DUPLICATE_METHOD_MATCH = YES;
				COPY_PHASE_STRIP = NO;
				DEBUG_INFORMATION_FORMAT = "dwarf-with-dsym";
				ENABLE_NS_ASSERTIONS = NO;
				ENABLE_STRICT_OBJC_MSGSEND = YES;
				GCC_C_LANGUAGE_STANDARD = gnu11;
				GCC_NO_COMMON_BLOCKS = YES;
				GCC_WARN_64_TO_32_BIT_CONVERSION = YES;
				GCC_WARN_ABOUT_RETURN_TYPE = YES_ERROR;
				GCC_WARN_UNDECLARED_SELECTOR = YES;
				GCC_WARN_UNINITIALIZED_AUTOS = YES_AGGRESSIVE;
				GCC_WARN_UNUSED_FUNCTION = YES;
				GCC_WARN_UNUSED_VARIABLE = YES;
				IPHONEOS_DEPLOYMENT_TARGET = 15.0;
				MTL_ENABLE_DEBUG_INFO = NO;
				MTL_FAST_MATH = YES;
				SDKROOT = iphoneos;
				SWIFT_COMPILATION_MODE = wholemodule;
				SWIFT_OPTIMIZATION_LEVEL = "-O";
				VALIDATE_PRODUCT = YES;
			};
			name = Release;
		};
		6A36F10E2917F793004D0C1B /* Debug */ = {
			isa = XCBuildConfiguration;
			buildSettings = {
				ASSETCATALOG_COMPILER_APPICON_NAME = AppIcon;
				ASSETCATALOG_COMPILER_GLOBAL_ACCENT_COLOR_NAME = AccentColor;
				CODE_SIGN_IDENTITY = "iPhone Developer: Arnold Fernandes (YZ76828866)";
				CODE_SIGN_STYLE = Manual;
				CURRENT_PROJECT_VERSION = 1;
				DEVELOPMENT_ASSET_PATHS = "\"geotag/Preview Content\"";
				ENABLE_PREVIEWS = YES;
				GENERATE_INFOPLIST_FILE = YES;
				INFOPLIST_KEY_NSLocationAlwaysAndWhenInUseUsageDescription = "This app requires access to your location";
				INFOPLIST_KEY_NSLocationWhenInUseUsageDescription = "This app require access to your location";
				INFOPLIST_KEY_UIApplicationSceneManifest_Generation = YES;
				INFOPLIST_KEY_UIApplicationSupportsIndirectInputEvents = YES;
				INFOPLIST_KEY_UILaunchScreen_Generation = YES;
				INFOPLIST_KEY_UIRequiresFullScreen = NO;
				INFOPLIST_KEY_UIStatusBarStyle = "";
				INFOPLIST_KEY_UISupportedInterfaceOrientations_iPad = "UIInterfaceOrientationPortrait UIInterfaceOrientationPortraitUpsideDown UIInterfaceOrientationLandscapeLeft UIInterfaceOrientationLandscapeRight";
				INFOPLIST_KEY_UISupportedInterfaceOrientations_iPhone = "UIInterfaceOrientationPortrait UIInterfaceOrientationLandscapeLeft UIInterfaceOrientationLandscapeRight";
				LD_RUNPATH_SEARCH_PATHS = (
					"$(inherited)",
					"@executable_path/Frameworks",
				);
				MARKETING_VERSION = 1.0;
				PRODUCT_BUNDLE_IDENTIFIER = com.herbalife.geotag;
				PRODUCT_NAME = "$(TARGET_NAME)";
				PROVISIONING_PROFILE_SPECIFIER = geotagdev;
				SWIFT_EMIT_LOC_STRINGS = YES;
				SWIFT_VERSION = 5.0;
				TARGETED_DEVICE_FAMILY = "1,2";
			};
			name = Debug;
		};
		6A36F10F2917F793004D0C1B /* Release */ = {
			isa = XCBuildConfiguration;
			buildSettings = {
				ASSETCATALOG_COMPILER_APPICON_NAME = AppIcon;
				ASSETCATALOG_COMPILER_GLOBAL_ACCENT_COLOR_NAME = AccentColor;
				CODE_SIGN_IDENTITY = "iPhone Distribution: HERBALIFE INTERNATIONAL OF AMERICA, INC.";
				CODE_SIGN_STYLE = Manual;
				CURRENT_PROJECT_VERSION = 1;
				DEVELOPMENT_ASSET_PATHS = "\"geotag/Preview Content\"";
				ENABLE_PREVIEWS = YES;
				GENERATE_INFOPLIST_FILE = YES;
				INFOPLIST_KEY_NSLocationAlwaysAndWhenInUseUsageDescription = "This app requires access to your location";
				INFOPLIST_KEY_NSLocationWhenInUseUsageDescription = "This app require access to your location";
				INFOPLIST_KEY_UIApplicationSceneManifest_Generation = YES;
				INFOPLIST_KEY_UIApplicationSupportsIndirectInputEvents = YES;
				INFOPLIST_KEY_UILaunchScreen_Generation = YES;
				INFOPLIST_KEY_UIRequiresFullScreen = NO;
				INFOPLIST_KEY_UIStatusBarStyle = "";
				INFOPLIST_KEY_UISupportedInterfaceOrientations_iPad = "UIInterfaceOrientationPortrait UIInterfaceOrientationPortraitUpsideDown UIInterfaceOrientationLandscapeLeft UIInterfaceOrientationLandscapeRight";
				INFOPLIST_KEY_UISupportedInterfaceOrientations_iPhone = "UIInterfaceOrientationPortrait UIInterfaceOrientationLandscapeLeft UIInterfaceOrientationLandscapeRight";
				LD_RUNPATH_SEARCH_PATHS = (
					"$(inherited)",
					"@executable_path/Frameworks",
				);
				MARKETING_VERSION = 1.0;
				PRODUCT_BUNDLE_IDENTIFIER = com.herbalife.geotag;
				PRODUCT_NAME = "$(TARGET_NAME)";
				PROVISIONING_PROFILE_SPECIFIER = geotagdis;
				SWIFT_EMIT_LOC_STRINGS = YES;
				SWIFT_VERSION = 5.0;
				TARGETED_DEVICE_FAMILY = "1,2";
			};
			name = Release;
		};
/* End XCBuildConfiguration section */

/* Begin XCConfigurationList section */
		6A36F0F52917F792004D0C1B /* Build configuration list for PBXProject "geotag" */ = {
			isa = XCConfigurationList;
			buildConfigurations = (
				6A36F10B2917F793004D0C1B /* Debug */,
				6A36F10C2917F793004D0C1B /* Release */,
			);
			defaultConfigurationIsVisible = 0;
			defaultConfigurationName = Release;
		};
		6A36F10D2917F793004D0C1B /* Build configuration list for PBXNativeTarget "geotag" */ = {
			isa = XCConfigurationList;
			buildConfigurations = (
				6A36F10E2917F793004D0C1B /* Debug */,
				6A36F10F2917F793004D0C1B /* Release */,
			);
			defaultConfigurationIsVisible = 0;
			defaultConfigurationName = Release;
		};
/* End XCConfigurationList section */

/* Begin XCRemoteSwiftPackageReference section */
		6A0636852919AD870003BA34 /* XCRemoteSwiftPackageReference "SwiftyJSON" */ = {
			isa = XCRemoteSwiftPackageReference;
			repositoryURL = "https://github.com/SwiftyJSON/SwiftyJSON";
			requirement = {
				kind = upToNextMajorVersion;
				minimumVersion = 5.0.0;
			};
		};
/* End XCRemoteSwiftPackageReference section */

/* Begin XCSwiftPackageProductDependency section */
		6A0636862919AD870003BA34 /* SwiftyJSON */ = {
			isa = XCSwiftPackageProductDependency;
			package = 6A0636852919AD870003BA34 /* XCRemoteSwiftPackageReference "SwiftyJSON" */;
			productName = SwiftyJSON;
		};
/* End XCSwiftPackageProductDependency section */

/* Begin XCVersionGroup section */
		6A36F1082917F793004D0C1B /* geotag.xcdatamodeld */ = {
			isa = XCVersionGroup;
			children = (
				6A36F1092917F793004D0C1B /* geotag.xcdatamodel */,
			);
			currentVersion = 6A36F1092917F793004D0C1B /* geotag.xcdatamodel */;
			path = geotag.xcdatamodeld;
			sourceTree = "<group>";
			versionGroupType = wrapper.xcdatamodel;
		};
/* End XCVersionGroup section */
	};
	rootObject = 6A36F0F22917F792004D0C1B /* Project object */;
}
